
Microsoft Visual Studio Solution File, Format Version 12.00
# Visual Studio 15
VisualStudioVersion = 15.0.27703.2026
MinimumVisualStudioVersion = 10.0.40219.1
Project("{FAE04EC0-301F-11D3-BF4B-00C04F79EFBC}") = "CSharpADONET", "CSharpADONET\CSharpADONET.csproj", "{2D6FC0A2-1424-46FF-9E46-DAFC4C78CDFD}"
EndProject
Project("{FAE04EC0-301F-11D3-BF4B-00C04F79EFBC}") = "CommandDemo", "CommandDemo\CommandDemo.csproj", "{169EC99D-2737-45A9-B526-036402211213}"
EndProject
Global
	GlobalSection(SolutionConfigurationPlatforms) = preSolution
		Debug|Any CPU = Debug|Any CPU
		Release|Any CPU = Release|Any CPU
	EndGlobalSection
	GlobalSection(ProjectConfigurationPlatforms) = postSolution
		{2D6FC0A2-1424-46FF-9E46-DAFC4C78CDFD}.Debug|Any CPU.ActiveCfg = Debug|Any CPU
		{2D6FC0A2-1424-46FF-9E46-DAFC4C78CDFD}.Debug|Any CPU.Build.0 = Debug|Any CPU
		{2D6FC0A2-1424-46FF-9E46-DAFC4C78CDFD}.Release|Any CPU.ActiveCfg = Release|Any CPU
		{2D6FC0A2-1424-46FF-9E46-DAFC4C78CDFD}.Release|Any CPU.Build.0 = Release|Any CPU
		{169EC99D-2737-45A9-B526-036402211213}.Debug|Any CPU.ActiveCfg = Debug|Any CPU
		{169EC99D-2737-45A9-B526-036402211213}.Debug|Any CPU.Build.0 = Debug|Any CPU
		{169EC99D-2737-45A9-B526-036402211213}.Release|Any CPU.ActiveCfg = Release|Any CPU
		{169EC99D-2737-45A9-B526-036402211213}.Release|Any CPU.Build.0 = Release|Any CPU
	EndGlobalSection
	GlobalSection(SolutionProperties) = preSolution
		HideSolutionNode = FALSE
	EndGlobalSection
	GlobalSection(ExtensibilityGlobals) = postSolution
		SolutionGuid = {5B88FEBB-BB7A-4CFB-8023-C5EF78A517F5}
	EndGlobalSection
EndGlobal
