
Microsoft Visual Studio Solution File, Format Version 12.00
# Visual Studio 15
VisualStudioVersion = 15.0.27703.2026
MinimumVisualStudioVersion = 10.0.40219.1
Project("{FAE04EC0-301F-11D3-BF4B-00C04F79EFBC}") = "CSharpADONET", "CSharpADONET\CSharpADONET.csproj", "{2D6FC0A2-1424-46FF-9E46-DAFC4C78CDFD}"
EndProject
Project("{FAE04EC0-301F-11D3-BF4B-00C04F79EFBC}") = "CommandDemo", "CommandDemo\CommandDemo.csproj", "{169EC99D-2737-45A9-B526-036402211213}"
EndProject
Project("{FAE04EC0-301F-11D3-BF4B-00C04F79EFBC}") = "DataReaderDemo", "DataReaderDemo\DataReaderDemo.csproj", "{61C7AFC0-860B-4C47-BDD5-C96AD818C2E7}"
EndProject
Project("{FAE04EC0-301F-11D3-BF4B-00C04F79EFBC}") = "DataSetDemo", "DataSetDemo\DataSetDemo.csproj", "{8000AE87-125E-4742-BF73-90C21643DC71}"
EndProject
Project("{FAE04EC0-301F-11D3-BF4B-00C04F79EFBC}") = "RowStateVersionDemo", "RowStateVersionDemo\RowStateVersionDemo.csproj", "{A3D38B22-1149-40D7-A616-F1A59EFC1CBB}"
EndProject
Project("{FAE04EC0-301F-11D3-BF4B-00C04F79EFBC}") = "DataGridViewDemo", "DataGridViewDemo\DataGridViewDemo.csproj", "{5FD73818-BD96-4340-BCA3-B9E864375E19}"
EndProject
Project("{FAE04EC0-301F-11D3-BF4B-00C04F79EFBC}") = "DataAdapterDemo", "DataAdapterDemo\DataAdapterDemo.csproj", "{D067E6E5-E788-4C49-BFE9-5939860B83E8}"
EndProject
Project("{FAE04EC0-301F-11D3-BF4B-00C04F79EFBC}") = "ConflictHandlingDemo", "ConflictHandlingDemo\ConflictHandlingDemo.csproj", "{435FB297-6730-40D7-A213-D8ED16A69F7B}"
EndProject
Project("{FAE04EC0-301F-11D3-BF4B-00C04F79EFBC}") = "CSharpLINQ", "CSharpLINQ\CSharpLINQ.csproj", "{33B1EEB4-7828-40F4-81AE-CE607B40CCEC}"
EndProject
Global
	GlobalSection(SolutionConfigurationPlatforms) = preSolution
		Debug|Any CPU = Debug|Any CPU
		Release|Any CPU = Release|Any CPU
	EndGlobalSection
	GlobalSection(ProjectConfigurationPlatforms) = postSolution
		{2D6FC0A2-1424-46FF-9E46-DAFC4C78CDFD}.Debug|Any CPU.ActiveCfg = Debug|Any CPU
		{2D6FC0A2-1424-46FF-9E46-DAFC4C78CDFD}.Debug|Any CPU.Build.0 = Debug|Any CPU
		{2D6FC0A2-1424-46FF-9E46-DAFC4C78CDFD}.Release|Any CPU.ActiveCfg = Release|Any CPU
		{2D6FC0A2-1424-46FF-9E46-DAFC4C78CDFD}.Release|Any CPU.Build.0 = Release|Any CPU
		{169EC99D-2737-45A9-B526-036402211213}.Debug|Any CPU.ActiveCfg = Debug|Any CPU
		{169EC99D-2737-45A9-B526-036402211213}.Debug|Any CPU.Build.0 = Debug|Any CPU
		{169EC99D-2737-45A9-B526-036402211213}.Release|Any CPU.ActiveCfg = Release|Any CPU
		{169EC99D-2737-45A9-B526-036402211213}.Release|Any CPU.Build.0 = Release|Any CPU
		{61C7AFC0-860B-4C47-BDD5-C96AD818C2E7}.Debug|Any CPU.ActiveCfg = Debug|Any CPU
		{61C7AFC0-860B-4C47-BDD5-C96AD818C2E7}.Debug|Any CPU.Build.0 = Debug|Any CPU
		{61C7AFC0-860B-4C47-BDD5-C96AD818C2E7}.Release|Any CPU.ActiveCfg = Release|Any CPU
		{61C7AFC0-860B-4C47-BDD5-C96AD818C2E7}.Release|Any CPU.Build.0 = Release|Any CPU
		{8000AE87-125E-4742-BF73-90C21643DC71}.Debug|Any CPU.ActiveCfg = Debug|Any CPU
		{8000AE87-125E-4742-BF73-90C21643DC71}.Debug|Any CPU.Build.0 = Debug|Any CPU
		{8000AE87-125E-4742-BF73-90C21643DC71}.Release|Any CPU.ActiveCfg = Release|Any CPU
		{8000AE87-125E-4742-BF73-90C21643DC71}.Release|Any CPU.Build.0 = Release|Any CPU
		{A3D38B22-1149-40D7-A616-F1A59EFC1CBB}.Debug|Any CPU.ActiveCfg = Debug|Any CPU
		{A3D38B22-1149-40D7-A616-F1A59EFC1CBB}.Debug|Any CPU.Build.0 = Debug|Any CPU
		{A3D38B22-1149-40D7-A616-F1A59EFC1CBB}.Release|Any CPU.ActiveCfg = Release|Any CPU
		{A3D38B22-1149-40D7-A616-F1A59EFC1CBB}.Release|Any CPU.Build.0 = Release|Any CPU
		{5FD73818-BD96-4340-BCA3-B9E864375E19}.Debug|Any CPU.ActiveCfg = Debug|Any CPU
		{5FD73818-BD96-4340-BCA3-B9E864375E19}.Debug|Any CPU.Build.0 = Debug|Any CPU
		{5FD73818-BD96-4340-BCA3-B9E864375E19}.Release|Any CPU.ActiveCfg = Release|Any CPU
		{5FD73818-BD96-4340-BCA3-B9E864375E19}.Release|Any CPU.Build.0 = Release|Any CPU
		{D067E6E5-E788-4C49-BFE9-5939860B83E8}.Debug|Any CPU.ActiveCfg = Debug|Any CPU
		{D067E6E5-E788-4C49-BFE9-5939860B83E8}.Debug|Any CPU.Build.0 = Debug|Any CPU
		{D067E6E5-E788-4C49-BFE9-5939860B83E8}.Release|Any CPU.ActiveCfg = Release|Any CPU
		{D067E6E5-E788-4C49-BFE9-5939860B83E8}.Release|Any CPU.Build.0 = Release|Any CPU
		{435FB297-6730-40D7-A213-D8ED16A69F7B}.Debug|Any CPU.ActiveCfg = Debug|Any CPU
		{435FB297-6730-40D7-A213-D8ED16A69F7B}.Debug|Any CPU.Build.0 = Debug|Any CPU
		{435FB297-6730-40D7-A213-D8ED16A69F7B}.Release|Any CPU.ActiveCfg = Release|Any CPU
		{435FB297-6730-40D7-A213-D8ED16A69F7B}.Release|Any CPU.Build.0 = Release|Any CPU
		{33B1EEB4-7828-40F4-81AE-CE607B40CCEC}.Debug|Any CPU.ActiveCfg = Debug|Any CPU
		{33B1EEB4-7828-40F4-81AE-CE607B40CCEC}.Debug|Any CPU.Build.0 = Debug|Any CPU
		{33B1EEB4-7828-40F4-81AE-CE607B40CCEC}.Release|Any CPU.ActiveCfg = Release|Any CPU
		{33B1EEB4-7828-40F4-81AE-CE607B40CCEC}.Release|Any CPU.Build.0 = Release|Any CPU
	EndGlobalSection
	GlobalSection(SolutionProperties) = preSolution
		HideSolutionNode = FALSE
	EndGlobalSection
	GlobalSection(ExtensibilityGlobals) = postSolution
		SolutionGuid = {5B88FEBB-BB7A-4CFB-8023-C5EF78A517F5}
	EndGlobalSection
EndGlobal
